<?xml version="1.0" encoding="utf-8"?>
<Project ToolsVersion="4.0" xmlns="http://schemas.microsoft.com/developer/msbuild/2003">
  <ItemGroup>
    <ClCompile Include="Attaquer.cpp" />
    <ClCompile Include="Enemy.cpp" />
    <ClCompile Include="Entity.cpp" />
    <ClCompile Include="Fuir.cpp" />
    <ClCompile Include="GOAPAction.cpp" />
    <ClCompile Include="GOAPPlanner.cpp" />
    <ClCompile Include="GOAPState.cpp" />
    <ClCompile Include="Grid.cpp" />
    <ClCompile Include="main.cpp" />
    <ClCompile Include="Node.cpp" />
    <ClCompile Include="Pathfinding.cpp" />
    <ClCompile Include="Patrouiller.cpp" />
    <ClCompile Include="Player.cpp" />
    <ClCompile Include="Suivre.cpp" />
    <ClCompile Include="Tree.cpp" />
  </ItemGroup>
  <ItemGroup>
    <ClInclude Include="Attaquer.hpp" />
    <ClInclude Include="ActionBulle.hpp" />
    <ClInclude Include="BlackBoard.hpp" />
    <ClInclude Include="BTNode.hpp" />
    <ClInclude Include="ConditionNode.hpp" />
    <ClInclude Include="Enemy.hpp" />
    <ClInclude Include="Entity.hpp" />
    <ClInclude Include="Fuir.hpp" />
    <ClInclude Include="GOAPAction.hpp" />
    <ClInclude Include="GOAPPlanner.hpp" />
    <ClInclude Include="GOAPState.hpp" />
    <ClInclude Include="Grid.hpp" />
    <ClInclude Include="inclAction.hpp" />
    <ClInclude Include="includes.hpp" />
    <ClInclude Include="Node.hpp" />
    <ClInclude Include="Pathfinding.hpp" />
    <ClInclude Include="Patrouiller.hpp" />
    <ClInclude Include="Player.hpp" />
    <ClInclude Include="Suivre.hpp" />
    <ClInclude Include="Rectangle.hpp" />
    <ClInclude Include="SelectorNode.hpp" />
    <ClInclude Include="SequenceNode.hpp" />
    <ClInclude Include="Texte.hpp" />
    <ClInclude Include="Tree.hpp" />
  </ItemGroup>
</Project>